<?xml version="1.0" encoding="utf-8"?>
<Project ToolsVersion="4.0" xmlns="http://schemas.microsoft.com/developer/msbuild/2003">
  <ItemGroup>
    <Filter Include="UI">
      <UniqueIdentifier>{9c7a90a1-5887-432a-9bff-3ef502b9f225}</UniqueIdentifier>
    </Filter>
    <Filter Include="Player">
      <UniqueIdentifier>{893383fe-995d-4817-8fec-87b0f6ac8db8}</UniqueIdentifier>
    </Filter>
    <Filter Include="Other">
      <UniqueIdentifier>{6efc31b7-e7f4-42e6-812b-e9d5f8a478e5}</UniqueIdentifier>
    </Filter>
    <Filter Include="MIDI">
      <UniqueIdentifier>{f516834a-4965-4fb8-9180-6efe506f8664}</UniqueIdentifier>
    </Filter>
  </ItemGroup>
  <ItemGroup>
    <ClCompile Include="MainWindow.cpp">
      <Filter>UI</Filter>
    </ClCompile>
    <ClCompile Include="Instrument.cpp">
      <Filter>Player</Filter>
    </ClCompile>
    <ClCompile Include="Loader.cpp">
      <Filter>Player</Filter>
    </ClCompile>
    <ClCompile Include="Metronome.cpp">
      <Filter>Player</Filter>
    </ClCompile>
    <ClCompile Include="Part.cpp">
      <Filter>Player</Filter>
    </ClCompile>
    <ClCompile Include="PartManager.cpp">
      <Filter>Player</Filter>
    </ClCompile>
    <ClCompile Include="player.cpp">
      <Filter>Player</Filter>
    </ClCompile>
    <ClCompile Include="Track.cpp">
      <Filter>Player</Filter>
    </ClCompile>
    <ClCompile Include="main.cpp">
      <Filter>Other</Filter>
    </ClCompile>
    <ClCompile Include="Rectangle.cpp">
      <Filter>UI</Filter>
    </ClCompile>
    <ClCompile Include="MidiCom.cpp">
      <Filter>MIDI</Filter>
    </ClCompile>
    <ClCompile Include="MidiDevice.cpp">
      <Filter>MIDI</Filter>
    </ClCompile>
  </ItemGroup>
  <ItemGroup>
    <ClInclude Include="MainWindow.h">
      <Filter>UI</Filter>
    </ClInclude>
    <ClInclude Include="Track.h">
      <Filter>Player</Filter>
    </ClInclude>
    <ClInclude Include="Style.h">
      <Filter>Player</Filter>
    </ClInclude>
    <ClInclude Include="player.h">
      <Filter>Player</Filter>
    </ClInclude>
    <ClInclude Include="PartManager.h">
      <Filter>Player</Filter>
    </ClInclude>
    <ClInclude Include="Part.h">
      <Filter>Player</Filter>
    </ClInclude>
    <ClInclude Include="Metronome.h">
      <Filter>Player</Filter>
    </ClInclude>
    <ClInclude Include="Loader.h">
      <Filter>Player</Filter>
    </ClInclude>
    <ClInclude Include="Instrument.h">
      <Filter>Player</Filter>
    </ClInclude>
    <ClInclude Include="Exceptions.h">
      <Filter>Other</Filter>
    </ClInclude>
    <ClInclude Include="Rectangle.h">
      <Filter>UI</Filter>
    </ClInclude>
    <ClInclude Include="MidiCom.h">
      <Filter>MIDI</Filter>
    </ClInclude>
    <ClInclude Include="MidiDevice.h">
      <Filter>MIDI</Filter>
    </ClInclude>
    <ClInclude Include="Enums.h">
      <Filter>Other</Filter>
    </ClInclude>
  </ItemGroup>
</Project>